
Microsoft Visual Studio Solution File, Format Version 12.00
# Visual Studio Version 17
VisualStudioVersion = 17.14.36414.22
MinimumVisualStudioVersion = 10.0.40219.1
Project("{2150E333-8FDC-42A3-9474-1A3956D46DE8}") = "Task0", "Task0", "{02EA681E-C7D8-13C7-8484-4AC65E1B71E8}"
EndProject
Project("{FAE04EC0-301F-11D3-BF4B-00C04F79EFBC}") = "Tyuiu.MinullinDF.Sprint4.Task0.V29", "Tyuiu.MinullinDF.Sprint4.Task0.V29\Tyuiu.MinullinDF.Sprint4.Task0.V29.csproj", "{69AC4AB2-011F-45E6-BBF6-2C552BA35606}"
EndProject
Project("{FAE04EC0-301F-11D3-BF4B-00C04F79EFBC}") = "Tyuiu.MinullinDF.Sprint4.Task0.V29.Test", "Tyuiu.MinullinDF.Sprint4.Task0.V29.Test\Tyuiu.MinullinDF.Sprint4.Task0.V29.Test.csproj", "{7B3BDC0E-73BB-48EF-94B7-B0B02F51FFD3}"
EndProject
Project("{FAE04EC0-301F-11D3-BF4B-00C04F79EFBC}") = "Tyuiu.MinullinDF.Sprint4.Task0.V29.Lib", "Tyuiu.MinullinDF.Sprint4.Task0.V29.Lib\Tyuiu.MinullinDF.Sprint4.Task0.V29.Lib.csproj", "{A5B7DBA0-6236-4241-8F5B-0F14DDB65D48}"
EndProject
Project("{2150E333-8FDC-42A3-9474-1A3956D46DE8}") = "Task1", "Task1", "{6A8D7E5E-C34B-4FEE-AB4D-2BEC85574D02}"
EndProject
Project("{FAE04EC0-301F-11D3-BF4B-00C04F79EFBC}") = "Tyuiu.MinullinDF.Sprint4.Task1.V4.Lib", "Tyuiu.MinullinDF.Sprint4.Task1.V4.Lib\Tyuiu.MinullinDF.Sprint4.Task1.V4.Lib.csproj", "{DE1BE249-1399-416E-88AC-7615F8B0289A}"
EndProject
Project("{FAE04EC0-301F-11D3-BF4B-00C04F79EFBC}") = "Tyuiu.MinullinDF.Sprint4.Task1.V4", "Tyuiu.MinullinDF.Sprint4.Task1.V4\Tyuiu.MinullinDF.Sprint4.Task1.V4.csproj", "{392C03C0-EC77-43B9-85FF-5B980BA5A89A}"
EndProject
Project("{FAE04EC0-301F-11D3-BF4B-00C04F79EFBC}") = "Tyuiu.MinullinDF.Sprint4.Task1.V4.Test", "Tyuiu.MinullinDF.Sprint4.Task1.V4.Test\Tyuiu.MinullinDF.Sprint4.Task1.V4.Test.csproj", "{1A8851E1-337A-48C8-B26D-B132DEE2F8DB}"
EndProject
Project("{2150E333-8FDC-42A3-9474-1A3956D46DE8}") = "Task2", "Task2", "{07787CE0-A9D2-4428-9810-904F7924DBD9}"
EndProject
Project("{FAE04EC0-301F-11D3-BF4B-00C04F79EFBC}") = "Tyuiu.MinullinDF.Sprint4.Task2.V19", "Tyuiu.MinullinDF.Sprint4.Task2.V19\Tyuiu.MinullinDF.Sprint4.Task2.V19.csproj", "{13161473-A55F-4F88-996E-68E776BF2BC8}"
EndProject
Project("{FAE04EC0-301F-11D3-BF4B-00C04F79EFBC}") = "Tyuiu.MinullinDF.Sprint4.Task2.V19.Lib", "Tyuiu.MinullinDF.Sprint4.Task2.V19.Lib\Tyuiu.MinullinDF.Sprint4.Task2.V19.Lib.csproj", "{083EDBA2-D1AD-4E36-B90D-31D3BB39C622}"
EndProject
Project("{FAE04EC0-301F-11D3-BF4B-00C04F79EFBC}") = "Tyuiu.MinullinDF.Sprint4.Task2.V19.Test", "Tyuiu.MinullinDF.Sprint4.Task2.V19.Test\Tyuiu.MinullinDF.Sprint4.Task2.V19.Test.csproj", "{7BEB804D-F651-4C15-BCCF-D5F86E392DF7}"
EndProject
Project("{2150E333-8FDC-42A3-9474-1A3956D46DE8}") = "Task3", "Task3", "{92DD72DB-AE55-4D57-BAE6-60EC5D5B96DB}"
EndProject
Project("{FAE04EC0-301F-11D3-BF4B-00C04F79EFBC}") = "Tyuiu.MinullinDF.Sprint4.Task3.V20.Test", "Tyuiu.MinullinDF.Sprint4.Task3.V20.Test\Tyuiu.MinullinDF.Sprint4.Task3.V20.Test.csproj", "{66F73662-A5E9-4C61-8E77-37CC5BABF94A}"
EndProject
Project("{FAE04EC0-301F-11D3-BF4B-00C04F79EFBC}") = "Tyuiu.MinullinDF.Sprint4.Task3.V20", "Tyuiu.MinullinDF.Sprint4.Task3.V20\Tyuiu.MinullinDF.Sprint4.Task3.V20.csproj", "{B28D6205-6281-45F7-87F7-B11A539758E7}"
EndProject
Project("{FAE04EC0-301F-11D3-BF4B-00C04F79EFBC}") = "Tyuiu.MinullinDF.Sprint4.Task3.V20.Lib", "Tyuiu.MinullinDF.Sprint4.Task3.V20.Lib\Tyuiu.MinullinDF.Sprint4.Task3.V20.Lib.csproj", "{0C3664C3-C745-495C-8B31-DBA26861D866}"
EndProject
Project("{2150E333-8FDC-42A3-9474-1A3956D46DE8}") = "Task4", "Task4", "{6E97DE7A-D57F-49A9-B472-1AF854CC43A8}"
EndProject
Project("{FAE04EC0-301F-11D3-BF4B-00C04F79EFBC}") = "Tyuiu.MinullinDF.Sprint4.Task4.V23.Test", "Tyuiu.MinullinDF.Sprint4.Task4.V23.Test\Tyuiu.MinullinDF.Sprint4.Task4.V23.Test.csproj", "{A15A3DDC-159A-43C2-84A0-FF0F95F029AC}"
EndProject
Project("{FAE04EC0-301F-11D3-BF4B-00C04F79EFBC}") = "Tyuiu.MinullinDF.Sprint4.Task4.V23", "Tyuiu.MinullinDF.Sprint4.Task4.V23\Tyuiu.MinullinDF.Sprint4.Task4.V23.csproj", "{EF9ED902-18B9-4B84-99FB-40338617F49E}"
EndProject
Project("{FAE04EC0-301F-11D3-BF4B-00C04F79EFBC}") = "Tyuiu.MinullinDF.Sprint4.Task4.V23.Lib", "Tyuiu.MinullinDF.Sprint4.Task4.V23.Lib\Tyuiu.MinullinDF.Sprint4.Task4.V23.Lib.csproj", "{5220A496-3DE3-4ACC-B306-BC8CD649D3B7}"
EndProject
Project("{2150E333-8FDC-42A3-9474-1A3956D46DE8}") = "Task5", "Task5", "{B88FDD67-D6D6-4383-BE37-2ABC0F942DBC}"
EndProject
Project("{2150E333-8FDC-42A3-9474-1A3956D46DE8}") = "Task6", "Task6", "{5D89A26F-79BD-436A-98E6-9B06887F0DB5}"
EndProject
Project("{2150E333-8FDC-42A3-9474-1A3956D46DE8}") = "Task7", "Task7", "{A6009B8A-8206-44EC-A888-18899374C503}"
EndProject
Project("{FAE04EC0-301F-11D3-BF4B-00C04F79EFBC}") = "Tyuiu.MinullinDF.Sprint4.Task5.V25.Lib", "Tyuiu.MinullinDF.Sprint4.Task5.V25.Lib\Tyuiu.MinullinDF.Sprint4.Task5.V25.Lib.csproj", "{FA0E427F-131F-4B20-9C61-1AA42EA9A4DF}"
EndProject
Project("{FAE04EC0-301F-11D3-BF4B-00C04F79EFBC}") = "Tyuiu.MinullinDF.Sprint4.Task5.V25", "Tyuiu.MinullinDF.Sprint4.Task5.V25\Tyuiu.MinullinDF.Sprint4.Task5.V25.csproj", "{4860D96A-818A-4F44-B99E-B5A2699596A0}"
EndProject
Project("{FAE04EC0-301F-11D3-BF4B-00C04F79EFBC}") = "Tyuiu.MinullinDF.Sprint4.Task5.V25.Test", "Tyuiu.MinullinDF.Sprint4.Task5.V25.Test\Tyuiu.MinullinDF.Sprint4.Task5.V25.Test.csproj", "{4844F170-67EE-4944-B27B-C5DD19A92BDA}"
EndProject
Global
	GlobalSection(SolutionConfigurationPlatforms) = preSolution
		Debug|Any CPU = Debug|Any CPU
		Release|Any CPU = Release|Any CPU
	EndGlobalSection
	GlobalSection(ProjectConfigurationPlatforms) = postSolution
		{69AC4AB2-011F-45E6-BBF6-2C552BA35606}.Debug|Any CPU.ActiveCfg = Debug|Any CPU
		{69AC4AB2-011F-45E6-BBF6-2C552BA35606}.Debug|Any CPU.Build.0 = Debug|Any CPU
		{69AC4AB2-011F-45E6-BBF6-2C552BA35606}.Release|Any CPU.ActiveCfg = Release|Any CPU
		{69AC4AB2-011F-45E6-BBF6-2C552BA35606}.Release|Any CPU.Build.0 = Release|Any CPU
		{7B3BDC0E-73BB-48EF-94B7-B0B02F51FFD3}.Debug|Any CPU.ActiveCfg = Debug|Any CPU
		{7B3BDC0E-73BB-48EF-94B7-B0B02F51FFD3}.Debug|Any CPU.Build.0 = Debug|Any CPU
		{7B3BDC0E-73BB-48EF-94B7-B0B02F51FFD3}.Release|Any CPU.ActiveCfg = Release|Any CPU
		{7B3BDC0E-73BB-48EF-94B7-B0B02F51FFD3}.Release|Any CPU.Build.0 = Release|Any CPU
		{A5B7DBA0-6236-4241-8F5B-0F14DDB65D48}.Debug|Any CPU.ActiveCfg = Debug|Any CPU
		{A5B7DBA0-6236-4241-8F5B-0F14DDB65D48}.Debug|Any CPU.Build.0 = Debug|Any CPU
		{A5B7DBA0-6236-4241-8F5B-0F14DDB65D48}.Release|Any CPU.ActiveCfg = Release|Any CPU
		{A5B7DBA0-6236-4241-8F5B-0F14DDB65D48}.Release|Any CPU.Build.0 = Release|Any CPU
		{DE1BE249-1399-416E-88AC-7615F8B0289A}.Debug|Any CPU.ActiveCfg = Debug|Any CPU
		{DE1BE249-1399-416E-88AC-7615F8B0289A}.Debug|Any CPU.Build.0 = Debug|Any CPU
		{DE1BE249-1399-416E-88AC-7615F8B0289A}.Release|Any CPU.ActiveCfg = Release|Any CPU
		{DE1BE249-1399-416E-88AC-7615F8B0289A}.Release|Any CPU.Build.0 = Release|Any CPU
		{392C03C0-EC77-43B9-85FF-5B980BA5A89A}.Debug|Any CPU.ActiveCfg = Debug|Any CPU
		{392C03C0-EC77-43B9-85FF-5B980BA5A89A}.Debug|Any CPU.Build.0 = Debug|Any CPU
		{392C03C0-EC77-43B9-85FF-5B980BA5A89A}.Release|Any CPU.ActiveCfg = Release|Any CPU
		{392C03C0-EC77-43B9-85FF-5B980BA5A89A}.Release|Any CPU.Build.0 = Release|Any CPU
		{1A8851E1-337A-48C8-B26D-B132DEE2F8DB}.Debug|Any CPU.ActiveCfg = Debug|Any CPU
		{1A8851E1-337A-48C8-B26D-B132DEE2F8DB}.Debug|Any CPU.Build.0 = Debug|Any CPU
		{1A8851E1-337A-48C8-B26D-B132DEE2F8DB}.Release|Any CPU.ActiveCfg = Release|Any CPU
		{1A8851E1-337A-48C8-B26D-B132DEE2F8DB}.Release|Any CPU.Build.0 = Release|Any CPU
		{13161473-A55F-4F88-996E-68E776BF2BC8}.Debug|Any CPU.ActiveCfg = Debug|Any CPU
		{13161473-A55F-4F88-996E-68E776BF2BC8}.Debug|Any CPU.Build.0 = Debug|Any CPU
		{13161473-A55F-4F88-996E-68E776BF2BC8}.Release|Any CPU.ActiveCfg = Release|Any CPU
		{13161473-A55F-4F88-996E-68E776BF2BC8}.Release|Any CPU.Build.0 = Release|Any CPU
		{083EDBA2-D1AD-4E36-B90D-31D3BB39C622}.Debug|Any CPU.ActiveCfg = Debug|Any CPU
		{083EDBA2-D1AD-4E36-B90D-31D3BB39C622}.Debug|Any CPU.Build.0 = Debug|Any CPU
		{083EDBA2-D1AD-4E36-B90D-31D3BB39C622}.Release|Any CPU.ActiveCfg = Release|Any CPU
		{083EDBA2-D1AD-4E36-B90D-31D3BB39C622}.Release|Any CPU.Build.0 = Release|Any CPU
		{7BEB804D-F651-4C15-BCCF-D5F86E392DF7}.Debug|Any CPU.ActiveCfg = Debug|Any CPU
		{7BEB804D-F651-4C15-BCCF-D5F86E392DF7}.Debug|Any CPU.Build.0 = Debug|Any CPU
		{7BEB804D-F651-4C15-BCCF-D5F86E392DF7}.Release|Any CPU.ActiveCfg = Release|Any CPU
		{7BEB804D-F651-4C15-BCCF-D5F86E392DF7}.Release|Any CPU.Build.0 = Release|Any CPU
		{66F73662-A5E9-4C61-8E77-37CC5BABF94A}.Debug|Any CPU.ActiveCfg = Debug|Any CPU
		{66F73662-A5E9-4C61-8E77-37CC5BABF94A}.Debug|Any CPU.Build.0 = Debug|Any CPU
		{66F73662-A5E9-4C61-8E77-37CC5BABF94A}.Release|Any CPU.ActiveCfg = Release|Any CPU
		{66F73662-A5E9-4C61-8E77-37CC5BABF94A}.Release|Any CPU.Build.0 = Release|Any CPU
		{B28D6205-6281-45F7-87F7-B11A539758E7}.Debug|Any CPU.ActiveCfg = Debug|Any CPU
		{B28D6205-6281-45F7-87F7-B11A539758E7}.Debug|Any CPU.Build.0 = Debug|Any CPU
		{B28D6205-6281-45F7-87F7-B11A539758E7}.Release|Any CPU.ActiveCfg = Release|Any CPU
		{B28D6205-6281-45F7-87F7-B11A539758E7}.Release|Any CPU.Build.0 = Release|Any CPU
		{0C3664C3-C745-495C-8B31-DBA26861D866}.Debug|Any CPU.ActiveCfg = Debug|Any CPU
		{0C3664C3-C745-495C-8B31-DBA26861D866}.Debug|Any CPU.Build.0 = Debug|Any CPU
		{0C3664C3-C745-495C-8B31-DBA26861D866}.Release|Any CPU.ActiveCfg = Release|Any CPU
		{0C3664C3-C745-495C-8B31-DBA26861D866}.Release|Any CPU.Build.0 = Release|Any CPU
		{A15A3DDC-159A-43C2-84A0-FF0F95F029AC}.Debug|Any CPU.ActiveCfg = Debug|Any CPU
		{A15A3DDC-159A-43C2-84A0-FF0F95F029AC}.Debug|Any CPU.Build.0 = Debug|Any CPU
		{A15A3DDC-159A-43C2-84A0-FF0F95F029AC}.Release|Any CPU.ActiveCfg = Release|Any CPU
		{A15A3DDC-159A-43C2-84A0-FF0F95F029AC}.Release|Any CPU.Build.0 = Release|Any CPU
		{EF9ED902-18B9-4B84-99FB-40338617F49E}.Debug|Any CPU.ActiveCfg = Debug|Any CPU
		{EF9ED902-18B9-4B84-99FB-40338617F49E}.Debug|Any CPU.Build.0 = Debug|Any CPU
		{EF9ED902-18B9-4B84-99FB-40338617F49E}.Release|Any CPU.ActiveCfg = Release|Any CPU
		{EF9ED902-18B9-4B84-99FB-40338617F49E}.Release|Any CPU.Build.0 = Release|Any CPU
		{5220A496-3DE3-4ACC-B306-BC8CD649D3B7}.Debug|Any CPU.ActiveCfg = Debug|Any CPU
		{5220A496-3DE3-4ACC-B306-BC8CD649D3B7}.Debug|Any CPU.Build.0 = Debug|Any CPU
		{5220A496-3DE3-4ACC-B306-BC8CD649D3B7}.Release|Any CPU.ActiveCfg = Release|Any CPU
		{5220A496-3DE3-4ACC-B306-BC8CD649D3B7}.Release|Any CPU.Build.0 = Release|Any CPU
		{FA0E427F-131F-4B20-9C61-1AA42EA9A4DF}.Debug|Any CPU.ActiveCfg = Debug|Any CPU
		{FA0E427F-131F-4B20-9C61-1AA42EA9A4DF}.Debug|Any CPU.Build.0 = Debug|Any CPU
		{FA0E427F-131F-4B20-9C61-1AA42EA9A4DF}.Release|Any CPU.ActiveCfg = Release|Any CPU
		{FA0E427F-131F-4B20-9C61-1AA42EA9A4DF}.Release|Any CPU.Build.0 = Release|Any CPU
		{4860D96A-818A-4F44-B99E-B5A2699596A0}.Debug|Any CPU.ActiveCfg = Debug|Any CPU
		{4860D96A-818A-4F44-B99E-B5A2699596A0}.Debug|Any CPU.Build.0 = Debug|Any CPU
		{4860D96A-818A-4F44-B99E-B5A2699596A0}.Release|Any CPU.ActiveCfg = Release|Any CPU
		{4860D96A-818A-4F44-B99E-B5A2699596A0}.Release|Any CPU.Build.0 = Release|Any CPU
		{4844F170-67EE-4944-B27B-C5DD19A92BDA}.Debug|Any CPU.ActiveCfg = Debug|Any CPU
		{4844F170-67EE-4944-B27B-C5DD19A92BDA}.Debug|Any CPU.Build.0 = Debug|Any CPU
		{4844F170-67EE-4944-B27B-C5DD19A92BDA}.Release|Any CPU.ActiveCfg = Release|Any CPU
		{4844F170-67EE-4944-B27B-C5DD19A92BDA}.Release|Any CPU.Build.0 = Release|Any CPU
	EndGlobalSection
	GlobalSection(SolutionProperties) = preSolution
		HideSolutionNode = FALSE
	EndGlobalSection
	GlobalSection(NestedProjects) = preSolution
		{69AC4AB2-011F-45E6-BBF6-2C552BA35606} = {02EA681E-C7D8-13C7-8484-4AC65E1B71E8}
		{7B3BDC0E-73BB-48EF-94B7-B0B02F51FFD3} = {02EA681E-C7D8-13C7-8484-4AC65E1B71E8}
		{A5B7DBA0-6236-4241-8F5B-0F14DDB65D48} = {02EA681E-C7D8-13C7-8484-4AC65E1B71E8}
		{DE1BE249-1399-416E-88AC-7615F8B0289A} = {6A8D7E5E-C34B-4FEE-AB4D-2BEC85574D02}
		{392C03C0-EC77-43B9-85FF-5B980BA5A89A} = {6A8D7E5E-C34B-4FEE-AB4D-2BEC85574D02}
		{1A8851E1-337A-48C8-B26D-B132DEE2F8DB} = {6A8D7E5E-C34B-4FEE-AB4D-2BEC85574D02}
		{13161473-A55F-4F88-996E-68E776BF2BC8} = {07787CE0-A9D2-4428-9810-904F7924DBD9}
		{083EDBA2-D1AD-4E36-B90D-31D3BB39C622} = {07787CE0-A9D2-4428-9810-904F7924DBD9}
		{7BEB804D-F651-4C15-BCCF-D5F86E392DF7} = {07787CE0-A9D2-4428-9810-904F7924DBD9}
		{66F73662-A5E9-4C61-8E77-37CC5BABF94A} = {92DD72DB-AE55-4D57-BAE6-60EC5D5B96DB}
		{B28D6205-6281-45F7-87F7-B11A539758E7} = {92DD72DB-AE55-4D57-BAE6-60EC5D5B96DB}
		{0C3664C3-C745-495C-8B31-DBA26861D866} = {92DD72DB-AE55-4D57-BAE6-60EC5D5B96DB}
		{A15A3DDC-159A-43C2-84A0-FF0F95F029AC} = {6E97DE7A-D57F-49A9-B472-1AF854CC43A8}
		{EF9ED902-18B9-4B84-99FB-40338617F49E} = {6E97DE7A-D57F-49A9-B472-1AF854CC43A8}
		{5220A496-3DE3-4ACC-B306-BC8CD649D3B7} = {6E97DE7A-D57F-49A9-B472-1AF854CC43A8}
		{FA0E427F-131F-4B20-9C61-1AA42EA9A4DF} = {B88FDD67-D6D6-4383-BE37-2ABC0F942DBC}
		{4860D96A-818A-4F44-B99E-B5A2699596A0} = {B88FDD67-D6D6-4383-BE37-2ABC0F942DBC}
		{4844F170-67EE-4944-B27B-C5DD19A92BDA} = {B88FDD67-D6D6-4383-BE37-2ABC0F942DBC}
	EndGlobalSection
	GlobalSection(ExtensibilityGlobals) = postSolution
		SolutionGuid = {41E0A79E-B562-4D72-A78C-080E19E29ADB}
	EndGlobalSection
EndGlobal
